Microsoft Visual Studio Solution File, Format Version 11.00
# Visual Studio 2008

Project("{001AE6C9-B2E3-D286-E305-4904CEA85EDB}") = "Rvau-Game-2", "Assembly-CSharp.csproj", "{D7F0FA1B-408B-3D6C-5B34-EDF45CC2444B}"
EndProject
Project("{001AE6C9-B2E3-D286-E305-4904CEA85EDB}") = "Rvau-Game-2", "Assembly-CSharp-Editor.csproj", "{DCB9B87A-6635-49E9-1DDC-0969E83B45D4}"
EndProject
Project("{001AE6C9-B2E3-D286-E305-4904CEA85EDB}") = "Rvau-Game-2", "Assembly-UnityScript.unityproj", "{5144D331-D6C5-DB3A-8E97-EA785BDB66D7}"
EndProject
Global
	GlobalSection(SolutionConfigurationPlatforms) = preSolution
		Debug|Any CPU = Debug|Any CPU
		Release|Any CPU = Release|Any CPU
	EndGlobalSection
	GlobalSection(ProjectConfigurationPlatforms) = postSolution
		{D7F0FA1B-408B-3D6C-5B34-EDF45CC2444B}.Debug|Any CPU.ActiveCfg = Debug|Any CPU
		{D7F0FA1B-408B-3D6C-5B34-EDF45CC2444B}.Debug|Any CPU.Build.0 = Debug|Any CPU
		{D7F0FA1B-408B-3D6C-5B34-EDF45CC2444B}.Release|Any CPU.ActiveCfg = Release|Any CPU
		{D7F0FA1B-408B-3D6C-5B34-EDF45CC2444B}.Release|Any CPU.Build.0 = Release|Any CPU
		{DCB9B87A-6635-49E9-1DDC-0969E83B45D4}.Debug|Any CPU.ActiveCfg = Debug|Any CPU
		{DCB9B87A-6635-49E9-1DDC-0969E83B45D4}.Debug|Any CPU.Build.0 = Debug|Any CPU
		{DCB9B87A-6635-49E9-1DDC-0969E83B45D4}.Release|Any CPU.ActiveCfg = Release|Any CPU
		{DCB9B87A-6635-49E9-1DDC-0969E83B45D4}.Release|Any CPU.Build.0 = Release|Any CPU
		{5144D331-D6C5-DB3A-8E97-EA785BDB66D7}.Debug|Any CPU.ActiveCfg = Debug|Any CPU
		{5144D331-D6C5-DB3A-8E97-EA785BDB66D7}.Debug|Any CPU.Build.0 = Debug|Any CPU
		{5144D331-D6C5-DB3A-8E97-EA785BDB66D7}.Release|Any CPU.ActiveCfg = Release|Any CPU
		{5144D331-D6C5-DB3A-8E97-EA785BDB66D7}.Release|Any CPU.Build.0 = Release|Any CPU
	EndGlobalSection
	GlobalSection(SolutionProperties) = preSolution
		HideSolutionNode = FALSE
	EndGlobalSection
		GlobalSection(MonoDevelopProperties) = preSolution
		StartupItem = Assembly-CSharp.csproj
		Policies = $0
		$0.TextStylePolicy = $1
		$1.inheritsSet = null
		$1.scope = text/x-csharp
		$0.CSharpFormattingPolicy = $2
		$2.inheritsSet = Mono
		$2.inheritsScope = text/x-csharp
		$2.scope = text/x-csharp
		$0.TextStylePolicy = $3
		$3.FileWidth = 120
		$3.TabWidth = 4
		$3.IndentWidth = 4
		$3.EolMarker = Unix
		$3.inheritsSet = Mono
		$3.inheritsScope = text/plain
		$3.scope = text/plain
	EndGlobalSection

EndGlobal
